// !$*UTF8*$!
{
	archiveVersion = 1;
	classes = {
	};
	objectVersion = 46;
	objects = {

/* Begin PBXBuildFile section */
		9DDA1FF31ED57357000F8354 /* AppDelegate.swift in Sources */ = {isa = PBXBuildFile; fileRef = 9DDA1FF21ED57357000F8354 /* AppDelegate.swift */; };
		9DDA1FF51ED57357000F8354 /* ViewController.swift in Sources */ = {isa = PBXBuildFile; fileRef = 9DDA1FF41ED57357000F8354 /* ViewController.swift */; };
		9DDA1FF71ED57357000F8354 /* Document.swift in Sources */ = {isa = PBXBuildFile; fileRef = 9DDA1FF61ED57357000F8354 /* Document.swift */; };
		9DDA1FF91ED57357000F8354 /* Assets.xcassets in Resources */ = {isa = PBXBuildFile; fileRef = 9DDA1FF81ED57357000F8354 /* Assets.xcassets */; };
		9DDA1FFC1ED57358000F8354 /* Main.storyboard in Resources */ = {isa = PBXBuildFile; fileRef = 9DDA1FFA1ED57358000F8354 /* Main.storyboard */; };
		9DDA20071ED57358000F8354 /* ObjectMapperBuildTests.swift in Sources */ = {isa = PBXBuildFile; fileRef = 9DDA20061ED57358000F8354 /* ObjectMapperBuildTests.swift */; };
		9DDA20121ED57358000F8354 /* ObjectMapperBuildUITests.swift in Sources */ = {isa = PBXBuildFile; fileRef = 9DDA20111ED57358000F8354 /* ObjectMapperBuildUITests.swift */; };
/* End PBXBuildFile section */

/* Begin PBXContainerItemProxy section */
		9DDA20031ED57358000F8354 /* PBXContainerItemProxy */ = {
			isa = PBXContainerItemProxy;
			containerPortal = 9DDA1FE71ED57357000F8354 /* Project object */;
			proxyType = 1;
			remoteGlobalIDString = 9DDA1FEE1ED57357000F8354;
			remoteInfo = ObjectMapperBuild;
		};
		9DDA200E1ED57358000F8354 /* PBXContainerItemProxy */ = {
			isa = PBXContainerItemProxy;
			containerPortal = 9DDA1FE71ED57357000F8354 /* Project object */;
			proxyType = 1;
			remoteGlobalIDString = 9DDA1FEE1ED57357000F8354;
			remoteInfo = ObjectMapperBuild;
		};
/* End PBXContainerItemProxy section */

/* Begin PBXFileReference section */
		9DDA1FEF1ED57357000F8354 /* ObjectMapperBuild.app */ = {isa = PBXFileReference; explicitFileType = wrapper.application; includeInIndex = 0; path = ObjectMapperBuild.app; sourceTree = BUILT_PRODUCTS_DIR; };
		9DDA1FF21ED57357000F8354 /* AppDelegate.swift */ = {isa = PBXFileReference; lastKnownFileType = sourcecode.swift; path = AppDelegate.swift; sourceTree = "<group>"; };
		9DDA1FF41ED57357000F8354 /* ViewController.swift */ = {isa = PBXFileReference; lastKnownFileType = sourcecode.swift; path = ViewController.swift; sourceTree = "<group>"; };
		9DDA1FF61ED57357000F8354 /* Document.swift */ = {isa = PBXFileReference; lastKnownFileType = sourcecode.swift; path = Document.swift; sourceTree = "<group>"; };
		9DDA1FF81ED57357000F8354 /* Assets.xcassets */ = {isa = PBXFileReference; lastKnownFileType = folder.assetcatalog; path = Assets.xcassets; sourceTree = "<group>"; };
		9DDA1FFB1ED57358000F8354 /* Base */ = {isa = PBXFileReference; lastKnownFileType = file.storyboard; name = Base; path = Base.lproj/Main.storyboard; sourceTree = "<group>"; };
		9DDA1FFD1ED57358000F8354 /* Info.plist */ = {isa = PBXFileReference; lastKnownFileType = text.plist.xml; path = Info.plist; sourceTree = "<group>"; };
		9DDA20021ED57358000F8354 /* ObjectMapperBuildTests.xctest */ = {isa = PBXFileReference; explicitFileType = wrapper.cfbundle; includeInIndex = 0; path = ObjectMapperBuildTests.xctest; sourceTree = BUILT_PRODUCTS_DIR; };
		9DDA20061ED57358000F8354 /* ObjectMapperBuildTests.swift */ = {isa = PBXFileReference; lastKnownFileType = sourcecode.swift; path = ObjectMapperBuildTests.swift; sourceTree = "<group>"; };
		9DDA20081ED57358000F8354 /* Info.plist */ = {isa = PBXFileReference; lastKnownFileType = text.plist.xml; path = Info.plist; sourceTree = "<group>"; };
		9DDA200D1ED57358000F8354 /* ObjectMapperBuildUITests.xctest */ = {isa = PBXFileReference; explicitFileType = wrapper.cfbundle; includeInIndex = 0; path = ObjectMapperBuildUITests.xctest; sourceTree = BUILT_PRODUCTS_DIR; };
		9DDA20111ED57358000F8354 /* ObjectMapperBuildUITests.swift */ = {isa = PBXFileReference; lastKnownFileType = sourcecode.swift; path = ObjectMapperBuildUITests.swift; sourceTree = "<group>"; };
		9DDA20131ED57358000F8354 /* Info.plist */ = {isa = PBXFileReference; lastKnownFileType = text.plist.xml; path = Info.plist; sourceTree = "<group>"; };
/* End PBXFileReference section */

/* Begin PBXFrameworksBuildPhase section */
		9DDA1FEC1ED57357000F8354 /* Frameworks */ = {
			isa = PBXFrameworksBuildPhase;
			buildActionMask = 2147483647;
			files = (
			);
			runOnlyForDeploymentPostprocessing = 0;
		};
		9DDA1FFF1ED57358000F8354 /* Frameworks */ = {
			isa = PBXFrameworksBuildPhase;
			buildActionMask = 2147483647;
			files = (
			);
			runOnlyForDeploymentPostprocessing = 0;
		};
		9DDA200A1ED57358000F8354 /* Frameworks */ = {
			isa = PBXFrameworksBuildPhase;
			buildActionMask = 2147483647;
			files = (
			);
			runOnlyForDeploymentPostprocessing = 0;
		};
/* End PBXFrameworksBuildPhase section */

/* Begin PBXGroup section */
		9DDA1FE61ED57357000F8354 = {
			isa = PBXGroup;
			children = (
				9DDA1FF11ED57357000F8354 /* ObjectMapperBuild */,
				9DDA20051ED57358000F8354 /* ObjectMapperBuildTests */,
				9DDA20101ED57358000F8354 /* ObjectMapperBuildUITests */,
				9DDA1FF01ED57357000F8354 /* Products */,
			);
			sourceTree = "<group>";
		};
		9DDA1FF01ED57357000F8354 /* Products */ = {
			isa = PBXGroup;
			children = (
				9DDA1FEF1ED57357000F8354 /* ObjectMapperBuild.app */,
				9DDA20021ED57358000F8354 /* ObjectMapperBuildTests.xctest */,
				9DDA200D1ED57358000F8354 /* ObjectMapperBuildUITests.xctest */,
			);
			name = Products;
			sourceTree = "<group>";
		};
		9DDA1FF11ED57357000F8354 /* ObjectMapperBuild */ = {
			isa = PBXGroup;
			children = (
				9DDA1FF21ED57357000F8354 /* AppDelegate.swift */,
				9DDA1FF41ED57357000F8354 /* ViewController.swift */,
				9DDA1FF61ED57357000F8354 /* Document.swift */,
				9DDA1FF81ED57357000F8354 /* Assets.xcassets */,
				9DDA1FFA1ED57358000F8354 /* Main.storyboard */,
				9DDA1FFD1ED57358000F8354 /* Info.plist */,
			);
			path = ObjectMapperBuild;
			sourceTree = "<group>";
		};
		9DDA20051ED57358000F8354 /* ObjectMapperBuildTests */ = {
			isa = PBXGroup;
			children = (
				9DDA20061ED57358000F8354 /* ObjectMapperBuildTests.swift */,
				9DDA20081ED57358000F8354 /* Info.plist */,
			);
			path = ObjectMapperBuildTests;
			sourceTree = "<group>";
		};
		9DDA20101ED57358000F8354 /* ObjectMapperBuildUITests */ = {
			isa = PBXGroup;
			children = (
				9DDA20111ED57358000F8354 /* ObjectMapperBuildUITests.swift */,
				9DDA20131ED57358000F8354 /* Info.plist */,
			);
			path = ObjectMapperBuildUITests;
			sourceTree = "<group>";
		};
/* End PBXGroup section */

/* Begin PBXNativeTarget section */
		9DDA1FEE1ED57357000F8354 /* ObjectMapperBuild */ = {
			isa = PBXNativeTarget;
			buildConfigurationList = 9DDA20161ED57358000F8354 /* Build configuration list for PBXNativeTarget "ObjectMapperBuild" */;
			buildPhases = (
				9DDA1FEB1ED57357000F8354 /* Sources */,
				9DDA1FEC1ED57357000F8354 /* Frameworks */,
				9DDA1FED1ED57357000F8354 /* Resources */,
			);
			buildRules = (
			);
			dependencies = (
			);
			name = ObjectMapperBuild;
			productName = ObjectMapperBuild;
			productReference = 9DDA1FEF1ED57357000F8354 /* ObjectMapperBuild.app */;
			productType = "com.apple.product-type.application";
		};
		9DDA20011ED57358000F8354 /* ObjectMapperBuildTests */ = {
			isa = PBXNativeTarget;
			buildConfigurationList = 9DDA20191ED57358000F8354 /* Build configuration list for PBXNativeTarget "ObjectMapperBuildTests" */;
			buildPhases = (
				9DDA1FFE1ED57358000F8354 /* Sources */,
				9DDA1FFF1ED57358000F8354 /* Frameworks */,
				9DDA20001ED57358000F8354 /* Resources */,
			);
			buildRules = (
			);
			dependencies = (
				9DDA20041ED57358000F8354 /* PBXTargetDependency */,
			);
			name = ObjectMapperBuildTests;
			productName = ObjectMapperBuildTests;
			productReference = 9DDA20021ED57358000F8354 /* ObjectMapperBuildTests.xctest */;
			productType = "com.apple.product-type.bundle.unit-test";
		};
		9DDA200C1ED57358000F8354 /* ObjectMapperBuildUITests */ = {
			isa = PBXNativeTarget;
			buildConfigurationList = 9DDA201C1ED57358000F8354 /* Build configuration list for PBXNativeTarget "ObjectMapperBuildUITests" */;
			buildPhases = (
				9DDA20091ED57358000F8354 /* Sources */,
				9DDA200A1ED57358000F8354 /* Frameworks */,
				9DDA200B1ED57358000F8354 /* Resources */,
			);
			buildRules = (
			);
			dependencies = (
				9DDA200F1ED57358000F8354 /* PBXTargetDependency */,
			);
			name = ObjectMapperBuildUITests;
			productName = ObjectMapperBuildUITests;
			productReference = 9DDA200D1ED57358000F8354 /* ObjectMapperBuildUITests.xctest */;
			productType = "com.apple.product-type.bundle.ui-testing";
		};
/* End PBXNativeTarget section */

/* Begin PBXProject section */
		9DDA1FE71ED57357000F8354 /* Project object */ = {
			isa = PBXProject;
			attributes = {
				LastSwiftUpdateCheck = 0830;
				LastUpgradeCheck = 0830;
				ORGANIZATIONNAME = Sunny;
				TargetAttributes = {
					9DDA1FEE1ED57357000F8354 = {
						CreatedOnToolsVersion = 8.3.2;
						DevelopmentTeam = D2YB7AB988;
						ProvisioningStyle = Automatic;
					};
					9DDA20011ED57358000F8354 = {
						CreatedOnToolsVersion = 8.3.2;
						DevelopmentTeam = D2YB7AB988;
						ProvisioningStyle = Automatic;
						TestTargetID = 9DDA1FEE1ED57357000F8354;
					};
					9DDA200C1ED57358000F8354 = {
						CreatedOnToolsVersion = 8.3.2;
						DevelopmentTeam = D2YB7AB988;
						ProvisioningStyle = Automatic;
						TestTargetID = 9DDA1FEE1ED57357000F8354;
					};
				};
			};
			buildConfigurationList = 9DDA1FEA1ED57357000F8354 /* Build configuration list for PBXProject "ObjectMapperBuild" */;
			compatibilityVersion = "Xcode 3.2";
			developmentRegion = English;
			hasScannedForEncodings = 0;
			knownRegions = (
				en,
				Base,
			);
			mainGroup = 9DDA1FE61ED57357000F8354;
			productRefGroup = 9DDA1FF01ED57357000F8354 /* Products */;
			projectDirPath = "";
			projectRoot = "";
			targets = (
				9DDA1FEE1ED57357000F8354 /* ObjectMapperBuild */,
				9DDA20011ED57358000F8354 /* ObjectMapperBuildTests */,
				9DDA200C1ED57358000F8354 /* ObjectMapperBuildUITests */,
			);
		};
/* End PBXProject section */

/* Begin PBXResourcesBuildPhase section */
		9DDA1FED1ED57357000F8354 /* Resources */ = {
			isa = PBXResourcesBuildPhase;
			buildActionMask = 2147483647;
			files = (
				9DDA1FF91ED57357000F8354 /* Assets.xcassets in Resources */,
				9DDA1FFC1ED57358000F8354 /* Main.storyboard in Resources */,
			);
			runOnlyForDeploymentPostprocessing = 0;
		};
		9DDA20001ED57358000F8354 /* Resources */ = {
			isa = PBXResourcesBuildPhase;
			buildActionMask = 2147483647;
			files = (
			);
			runOnlyForDeploymentPostprocessing = 0;
		};
		9DDA200B1ED57358000F8354 /* Resources */ = {
			isa = PBXResourcesBuildPhase;
			buildActionMask = 2147483647;
			files = (
			);
			runOnlyForDeploymentPostprocessing = 0;
		};
/* End PBXResourcesBuildPhase section */

/* Begin PBXSourcesBuildPhase section */
		9DDA1FEB1ED57357000F8354 /* Sources */ = {
			isa = PBXSourcesBuildPhase;
			buildActionMask = 2147483647;
			files = (
				9DDA1FF51ED57357000F8354 /* ViewController.swift in Sources */,
				9DDA1FF31ED57357000F8354 /* AppDelegate.swift in Sources */,
				9DDA1FF71ED57357000F8354 /* Document.swift in Sources */,
			);
			runOnlyForDeploymentPostprocessing = 0;
		};
		9DDA1FFE1ED57358000F8354 /* Sources */ = {
			isa = PBXSourcesBuildPhase;
			buildActionMask = 2147483647;
			files = (
				9DDA20071ED57358000F8354 /* ObjectMapperBuildTests.swift in Sources */,
			);
			runOnlyForDeploymentPostprocessing = 0;
		};
		9DDA20091ED57358000F8354 /* Sources */ = {
			isa = PBXSourcesBuildPhase;
			buildActionMask = 2147483647;
			files = (
				9DDA20121ED57358000F8354 /* ObjectMapperBuildUITests.swift in Sources */,
			);
			runOnlyForDeploymentPostprocessing = 0;
		};
/* End PBXSourcesBuildPhase section */

/* Begin PBXTargetDependency section */
		9DDA20041ED57358000F8354 /* PBXTargetDependency */ = {
			isa = PBXTargetDependency;
			target = 9DDA1FEE1ED57357000F8354 /* ObjectMapperBuild */;
			targetProxy = 9DDA20031ED57358000F8354 /* PBXContainerItemProxy */;
		};
		9DDA200F1ED57358000F8354 /* PBXTargetDependency */ = {
			isa = PBXTargetDependency;
			target = 9DDA1FEE1ED57357000F8354 /* ObjectMapperBuild */;
			targetProxy = 9DDA200E1ED57358000F8354 /* PBXContainerItemProxy */;
		};
/* End PBXTargetDependency section */

/* Begin PBXVariantGroup section */
		9DDA1FFA1ED57358000F8354 /* Main.storyboard */ = {
			isa = PBXVariantGroup;
			children = (
				9DDA1FFB1ED57358000F8354 /* Base */,
			);
			name = Main.storyboard;
			sourceTree = "<group>";
		};
/* End PBXVariantGroup section */

/* Begin XCBuildConfiguration section */
		9DDA20141ED57358000F8354 /* Debug */ = {
			isa = XCBuildConfiguration;
			buildSettings = {
				ALWAYS_SEARCH_USER_PATHS = NO;
				CLANG_ANALYZER_NONNULL = YES;
				CLANG_ANALYZER_NUMBER_OBJECT_CONVERSION = YES_AGGRESSIVE;
				CLANG_CXX_LANGUAGE_STANDARD = "gnu++0x";
				CLANG_CXX_LIBRARY = "libc++";
				CLANG_ENABLE_MODULES = YES;
				CLANG_ENABLE_OBJC_ARC = YES;
				CLANG_WARN_BOOL_CONVERSION = YES;
				CLANG_WARN_CONSTANT_CONVERSION = YES;
				CLANG_WARN_DIRECT_OBJC_ISA_USAGE = YES_ERROR;
				CLANG_WARN_DOCUMENTATION_COMMENTS = YES;
				CLANG_WARN_EMPTY_BODY = YES;
				CLANG_WARN_ENUM_CONVERSION = YES;
				CLANG_WARN_INFINITE_RECURSION = YES;
				CLANG_WARN_INT_CONVERSION = YES;
				CLANG_WARN_OBJC_ROOT_CLASS = YES_ERROR;
				CLANG_WARN_SUSPICIOUS_MOVE = YES;
				CLANG_WARN_UNREACHABLE_CODE = YES;
				CLANG_WARN__DUPLICATE_METHOD_MATCH = YES;
				CODE_SIGN_IDENTITY = "-";
				COPY_PHASE_STRIP = NO;
				DEBUG_INFORMATION_FORMAT = dwarf;
				ENABLE_STRICT_OBJC_MSGSEND = YES;
				ENABLE_TESTABILITY = YES;
				GCC_C_LANGUAGE_STANDARD = gnu99;
				GCC_DYNAMIC_NO_PIC = NO;
				GCC_NO_COMMON_BLOCKS = YES;
				GCC_OPTIMIZATION_LEVEL = 0;
				GCC_PREPROCESSOR_DEFINITIONS = (
					"DEBUG=1",
					"$(inherited)",
				);
				GCC_WARN_64_TO_32_BIT_CONVERSION = YES;
				GCC_WARN_ABOUT_RETURN_TYPE = YES_ERROR;
				GCC_WARN_UNDECLARED_SELECTOR = YES;
				GCC_WARN_UNINITIALIZED_AUTOS = YES_AGGRESSIVE;
				GCC_WARN_UNUSED_FUNCTION = YES;
				GCC_WARN_UNUSED_VARIABLE = YES;
				MACOSX_DEPLOYMENT_TARGET = 10.12;
				MTL_ENABLE_DEBUG_INFO = YES;
				ONLY_ACTIVE_ARCH = YES;
				SDKROOT = macosx;
				SWIFT_ACTIVE_COMPILATION_CONDITIONS = DEBUG;
				SWIFT_OPTIMIZATION_LEVEL = "-Onone";
			};
			name = Debug;
		};
		9DDA20151ED57358000F8354 /* Release */ = {
			isa = XCBuildConfiguration;
			buildSettings = {
				ALWAYS_SEARCH_USER_PATHS = NO;
				CLANG_ANALYZER_NONNULL = YES;
				CLANG_ANALYZER_NUMBER_OBJECT_CONVERSION = YES_AGGRESSIVE;
				CLANG_CXX_LANGUAGE_STANDARD = "gnu++0x";
				CLANG_CXX_LIBRARY = "libc++";
				CLANG_ENABLE_MODULES = YES;
				CLANG_ENABLE_OBJC_ARC = YES;
				CLANG_WARN_BOOL_CONVERSION = YES;
				CLANG_WARN_CONSTANT_CONVERSION = YES;
				CLANG_WARN_DIRECT_OBJC_ISA_USAGE = YES_ERROR;
				CLANG_WARN_DOCUMENTATION_COMMENTS = YES;
				CLANG_WARN_EMPTY_BODY = YES;
				CLANG_WARN_ENUM_CONVERSION = YES;
				CLANG_WARN_INFINITE_RECURSION = YES;
				CLANG_WARN_INT_CONVERSION = YES;
				CLANG_WARN_OBJC_ROOT_CLASS = YES_ERROR;
				CLANG_WARN_SUSPICIOUS_MOVE = YES;
				CLANG_WARN_UNREACHABLE_CODE = YES;
				CLANG_WARN__DUPLICATE_METHOD_MATCH = YES;
				CODE_SIGN_IDENTITY = "-";
				COPY_PHASE_STRIP = NO;
				DEBUG_INFORMATION_FORMAT = "dwarf-with-dsym";
				ENABLE_NS_ASSERTIONS = NO;
				ENABLE_STRICT_OBJC_MSGSEND = YES;
				GCC_C_LANGUAGE_STANDARD = gnu99;
				GCC_NO_COMMON_BLOCKS = YES;
				GCC_WARN_64_TO_32_BIT_CONVERSION = YES;
				GCC_WARN_ABOUT_RETURN_TYPE = YES_ERROR;
				GCC_WARN_UNDECLARED_SELECTOR = YES;
				GCC_WARN_UNINITIALIZED_AUTOS = YES_AGGRESSIVE;
				GCC_WARN_UNUSED_FUNCTION = YES;
				GCC_WARN_UNUSED_VARIABLE = YES;
				MACOSX_DEPLOYMENT_TARGET = 10.12;
				MTL_ENABLE_DEBUG_INFO = NO;
				SDKROOT = macosx;
				SWIFT_OPTIMIZATION_LEVEL = "-Owholemodule";
			};
			name = Release;
		};
		9DDA20171ED57358000F8354 /* Debug */ = {
			isa = XCBuildConfiguration;
			buildSettings = {
				ASSETCATALOG_COMPILER_APPICON_NAME = AppIcon;
				COMBINE_HIDPI_IMAGES = YES;
				DEVELOPMENT_TEAM = D2YB7AB988;
				INFOPLIST_FILE = ObjectMapperBuild/Info.plist;
				LD_RUNPATH_SEARCH_PATHS = "$(inherited) @executable_path/../Frameworks";
				PRODUCT_BUNDLE_IDENTIFIER = com.ObjectMapperBuild;
				PRODUCT_NAME = "$(TARGET_NAME)";
				SWIFT_VERSION = 3.0;
			};
			name = Debug;
		};
		9DDA20181ED57358000F8354 /* Release */ = {
			isa = XCBuildConfiguration;
			buildSettings = {
				ASSETCATALOG_COMPILER_APPICON_NAME = AppIcon;
				COMBINE_HIDPI_IMAGES = YES;
				DEVELOPMENT_TEAM = D2YB7AB988;
				INFOPLIST_FILE = ObjectMapperBuild/Info.plist;
				LD_RUNPATH_SEARCH_PATHS = "$(inherited) @executable_path/../Frameworks";
				PRODUCT_BUNDLE_IDENTIFIER = com.ObjectMapperBuild;
				PRODUCT_NAME = "$(TARGET_NAME)";
				SWIFT_VERSION = 3.0;
			};
			name = Release;
		};
		9DDA201A1ED57358000F8354 /* Debug */ = {
			isa = XCBuildConfiguration;
			buildSettings = {
				ALWAYS_EMBED_SWIFT_STANDARD_LIBRARIES = YES;
				BUNDLE_LOADER = "$(TEST_HOST)";
				COMBINE_HIDPI_IMAGES = YES;
				DEVELOPMENT_TEAM = D2YB7AB988;
				INFOPLIST_FILE = ObjectMapperBuildTests/Info.plist;
				LD_RUNPATH_SEARCH_PATHS = "$(inherited) @executable_path/../Frameworks @loader_path/../Frameworks";
				PRODUCT_BUNDLE_IDENTIFIER = com.ObjectMapperBuildTests;
				PRODUCT_NAME = "$(TARGET_NAME)";
				SWIFT_VERSION = 3.0;
				TEST_HOST = "$(BUILT_PRODUCTS_DIR)/ObjectMapperBuild.app/Contents/MacOS/ObjectMapperBuild";
			};
			name = Debug;
		};
		9DDA201B1ED57358000F8354 /* Release */ = {
			isa = XCBuildConfiguration;
			buildSettings = {
				ALWAYS_EMBED_SWIFT_STANDARD_LIBRARIES = YES;
				BUNDLE_LOADER = "$(TEST_HOST)";
				COMBINE_HIDPI_IMAGES = YES;
				DEVELOPMENT_TEAM = D2YB7AB988;
				INFOPLIST_FILE = ObjectMapperBuildTests/Info.plist;
				LD_RUNPATH_SEARCH_PATHS = "$(inherited) @executable_path/../Frameworks @loader_path/../Frameworks";
				PRODUCT_BUNDLE_IDENTIFIER = com.ObjectMapperBuildTests;
				PRODUCT_NAME = "$(TARGET_NAME)";
				SWIFT_VERSION = 3.0;
				TEST_HOST = "$(BUILT_PRODUCTS_DIR)/ObjectMapperBuild.app/Contents/MacOS/ObjectMapperBuild";
			};
			name = Release;
		};
		9DDA201D1ED57358000F8354 /* Debug */ = {
			isa = XCBuildConfiguration;
			buildSettings = {
				ALWAYS_EMBED_SWIFT_STANDARD_LIBRARIES = YES;
				COMBINE_HIDPI_IMAGES = YES;
				DEVELOPMENT_TEAM = D2YB7AB988;
				INFOPLIST_FILE = ObjectMapperBuildUITests/Info.plist;
				LD_RUNPATH_SEARCH_PATHS = "$(inherited) @executable_path/../Frameworks @loader_path/../Frameworks";
				PRODUCT_BUNDLE_IDENTIFIER = com.ObjectMapperBuildUITests;
				PRODUCT_NAME = "$(TARGET_NAME)";
				SWIFT_VERSION = 3.0;
				TEST_TARGET_NAME = ObjectMapperBuild;
			};
			name = Debug;
		};
		9DDA201E1ED57358000F8354 /* Release */ = {
			isa = XCBuildConfiguration;
			buildSettings = {
				ALWAYS_EMBED_SWIFT_STANDARD_LIBRARIES = YES;
				COMBINE_HIDPI_IMAGES = YES;
				DEVELOPMENT_TEAM = D2YB7AB988;
				INFOPLIST_FILE = ObjectMapperBuildUITests/Info.plist;
				LD_RUNPATH_SEARCH_PATHS = "$(inherited) @executable_path/../Frameworks @loader_path/../Frameworks";
				PRODUCT_BUNDLE_IDENTIFIER = com.ObjectMapperBuildUITests;
				PRODUCT_NAME = "$(TARGET_NAME)";
				SWIFT_VERSION = 3.0;
				TEST_TARGET_NAME = ObjectMapperBuild;
			};
			name = Release;
		};
/* End XCBuildConfiguration section */

/* Begin XCConfigurationList section */
		9DDA1FEA1ED57357000F8354 /* Build configuration list for PBXProject "ObjectMapperBuild" */ = {
			isa = XCConfigurationList;
			buildConfigurations = (
				9DDA20141ED57358000F8354 /* Debug */,
				9DDA20151ED57358000F8354 /* Release */,
			);
			defaultConfigurationIsVisible = 0;
			defaultConfigurationName = Release;
		};
		9DDA20161ED57358000F8354 /* Build configuration list for PBXNativeTarget "ObjectMapperBuild" */ = {
			isa = XCConfigurationList;
			buildConfigurations = (
				9DDA20171ED57358000F8354 /* Debug */,
				9DDA20181ED57358000F8354 /* Release */,
			);
			defaultConfigurationIsVisible = 0;
		};
		9DDA20191ED57358000F8354 /* Build configuration list for PBXNativeTarget "ObjectMapperBuildTests" */ = {
			isa = XCConfigurationList;
			buildConfigurations = (
				9DDA201A1ED57358000F8354 /* Debug */,
				9DDA201B1ED57358000F8354 /* Release */,
			);
			defaultConfigurationIsVisible = 0;
		};
		9DDA201C1ED57358000F8354 /* Build configuration list for PBXNativeTarget "ObjectMapperBuildUITests" */ = {
			isa = XCConfigurationList;
			buildConfigurations = (
				9DDA201D1ED57358000F8354 /* Debug */,
				9DDA201E1ED57358000F8354 /* Release */,
			);
			defaultConfigurationIsVisible = 0;
		};
/* End XCConfigurationList section */
	};
	rootObject = 9DDA1FE71ED57357000F8354 /* Project object */;
}
